
Microsoft Visual Studio Solution File, Format Version 12.00
# Visual Studio Version 16
VisualStudioVersion = 16.0.30523.141
MinimumVisualStudioVersion = 10.0.40219.1
Project("{8BC9CEB8-8B4A-11D0-8D11-00A0C91BC942}") = "Lab_04_3", "Lab_04_3\Lab_04_3.vcxproj", "{2D156517-ABE2-421C-9751-576FD2F227C2}"
EndProject
Global
	GlobalSection(SolutionConfigurationPlatforms) = preSolution
		Debug|x64 = Debug|x64
		Debug|x86 = Debug|x86
		Release|x64 = Release|x64
		Release|x86 = Release|x86
	EndGlobalSection
	GlobalSection(ProjectConfigurationPlatforms) = postSolution
		{2D156517-ABE2-421C-9751-576FD2F227C2}.Debug|x64.ActiveCfg = Debug|x64
		{2D156517-ABE2-421C-9751-576FD2F227C2}.Debug|x64.Build.0 = Debug|x64
		{2D156517-ABE2-421C-9751-576FD2F227C2}.Debug|x86.ActiveCfg = Debug|Win32
		{2D156517-ABE2-421C-9751-576FD2F227C2}.Debug|x86.Build.0 = Debug|Win32
		{2D156517-ABE2-421C-9751-576FD2F227C2}.Release|x64.ActiveCfg = Release|x64
		{2D156517-ABE2-421C-9751-576FD2F227C2}.Release|x64.Build.0 = Release|x64
		{2D156517-ABE2-421C-9751-576FD2F227C2}.Release|x86.ActiveCfg = Release|Win32
		{2D156517-ABE2-421C-9751-576FD2F227C2}.Release|x86.Build.0 = Release|Win32
	EndGlobalSection
	GlobalSection(SolutionProperties) = preSolution
		HideSolutionNode = FALSE
	EndGlobalSection
	GlobalSection(ExtensibilityGlobals) = postSolution
		SolutionGuid = {C9BD45CF-B004-4388-B0D4-57466EC87B39}
	EndGlobalSection
EndGlobal
