
Microsoft Visual Studio Solution File, Format Version 12.00
# Visual Studio Version 16
VisualStudioVersion = 16.0.30523.141
MinimumVisualStudioVersion = 10.0.40219.1
Project("{8BC9CEB8-8B4A-11D0-8D11-00A0C91BC942}") = "LAB01_3", "LAB01_3\LAB01_3.vcxproj", "{D3A047A5-C588-406C-B015-D51A296502F5}"
EndProject
Global
	GlobalSection(SolutionConfigurationPlatforms) = preSolution
		Debug|x64 = Debug|x64
		Debug|x86 = Debug|x86
		Release|x64 = Release|x64
		Release|x86 = Release|x86
	EndGlobalSection
	GlobalSection(ProjectConfigurationPlatforms) = postSolution
		{D3A047A5-C588-406C-B015-D51A296502F5}.Debug|x64.ActiveCfg = Debug|x64
		{D3A047A5-C588-406C-B015-D51A296502F5}.Debug|x64.Build.0 = Debug|x64
		{D3A047A5-C588-406C-B015-D51A296502F5}.Debug|x86.ActiveCfg = Debug|Win32
		{D3A047A5-C588-406C-B015-D51A296502F5}.Debug|x86.Build.0 = Debug|Win32
		{D3A047A5-C588-406C-B015-D51A296502F5}.Release|x64.ActiveCfg = Release|x64
		{D3A047A5-C588-406C-B015-D51A296502F5}.Release|x64.Build.0 = Release|x64
		{D3A047A5-C588-406C-B015-D51A296502F5}.Release|x86.ActiveCfg = Release|Win32
		{D3A047A5-C588-406C-B015-D51A296502F5}.Release|x86.Build.0 = Release|Win32
	EndGlobalSection
	GlobalSection(SolutionProperties) = preSolution
		HideSolutionNode = FALSE
	EndGlobalSection
	GlobalSection(ExtensibilityGlobals) = postSolution
		SolutionGuid = {7CA8E3B1-77C7-4566-9406-DD3181F75C7F}
	EndGlobalSection
EndGlobal
